
Microsoft Visual Studio Solution File, Format Version 12.00
# Visual Studio 15
VisualStudioVersion = 15.0.26124.0
MinimumVisualStudioVersion = 15.0.26124.0
Project("{2150E333-8FDC-42A3-9474-1A3956D46DE8}") = "src", "src", "{ED70093E-0A1A-4C61-B434-9BD24ED72EB2}"
EndProject
Project("{FAE04EC0-301F-11D3-BF4B-00C04F79EFBC}") = "Banking.Api", "src\Banking.Api\Banking.Api.csproj", "{8743ADDD-BF29-409D-93AB-9CAAAFC965CC}"
EndProject
Project("{2150E333-8FDC-42A3-9474-1A3956D46DE8}") = "tests", "tests", "{75FB4B0A-D721-4F04-ABC6-659300480435}"
EndProject
Project("{FAE04EC0-301F-11D3-BF4B-00C04F79EFBC}") = "Banking.Api.Tests", "tests\Banking.Api.Tests\Banking.Api.Tests.csproj", "{35E7B7BC-279E-40BB-924E-75835BA9673D}"
EndProject
Global
	GlobalSection(SolutionConfigurationPlatforms) = preSolution
		Debug|Any CPU = Debug|Any CPU
		Debug|x64 = Debug|x64
		Debug|x86 = Debug|x86
		Release|Any CPU = Release|Any CPU
		Release|x64 = Release|x64
		Release|x86 = Release|x86
	EndGlobalSection
	GlobalSection(SolutionProperties) = preSolution
		HideSolutionNode = FALSE
	EndGlobalSection
	GlobalSection(ProjectConfigurationPlatforms) = postSolution
		{8743ADDD-BF29-409D-93AB-9CAAAFC965CC}.Debug|Any CPU.ActiveCfg = Debug|Any CPU
		{8743ADDD-BF29-409D-93AB-9CAAAFC965CC}.Debug|Any CPU.Build.0 = Debug|Any CPU
		{8743ADDD-BF29-409D-93AB-9CAAAFC965CC}.Debug|x64.ActiveCfg = Debug|Any CPU
		{8743ADDD-BF29-409D-93AB-9CAAAFC965CC}.Debug|x64.Build.0 = Debug|Any CPU
		{8743ADDD-BF29-409D-93AB-9CAAAFC965CC}.Debug|x86.ActiveCfg = Debug|Any CPU
		{8743ADDD-BF29-409D-93AB-9CAAAFC965CC}.Debug|x86.Build.0 = Debug|Any CPU
		{8743ADDD-BF29-409D-93AB-9CAAAFC965CC}.Release|Any CPU.ActiveCfg = Release|Any CPU
		{8743ADDD-BF29-409D-93AB-9CAAAFC965CC}.Release|Any CPU.Build.0 = Release|Any CPU
		{8743ADDD-BF29-409D-93AB-9CAAAFC965CC}.Release|x64.ActiveCfg = Release|Any CPU
		{8743ADDD-BF29-409D-93AB-9CAAAFC965CC}.Release|x64.Build.0 = Release|Any CPU
		{8743ADDD-BF29-409D-93AB-9CAAAFC965CC}.Release|x86.ActiveCfg = Release|Any CPU
		{8743ADDD-BF29-409D-93AB-9CAAAFC965CC}.Release|x86.Build.0 = Release|Any CPU
		{35E7B7BC-279E-40BB-924E-75835BA9673D}.Debug|Any CPU.ActiveCfg = Debug|Any CPU
		{35E7B7BC-279E-40BB-924E-75835BA9673D}.Debug|Any CPU.Build.0 = Debug|Any CPU
		{35E7B7BC-279E-40BB-924E-75835BA9673D}.Debug|x64.ActiveCfg = Debug|Any CPU
		{35E7B7BC-279E-40BB-924E-75835BA9673D}.Debug|x64.Build.0 = Debug|Any CPU
		{35E7B7BC-279E-40BB-924E-75835BA9673D}.Debug|x86.ActiveCfg = Debug|Any CPU
		{35E7B7BC-279E-40BB-924E-75835BA9673D}.Debug|x86.Build.0 = Debug|Any CPU
		{35E7B7BC-279E-40BB-924E-75835BA9673D}.Release|Any CPU.ActiveCfg = Release|Any CPU
		{35E7B7BC-279E-40BB-924E-75835BA9673D}.Release|Any CPU.Build.0 = Release|Any CPU
		{35E7B7BC-279E-40BB-924E-75835BA9673D}.Release|x64.ActiveCfg = Release|Any CPU
		{35E7B7BC-279E-40BB-924E-75835BA9673D}.Release|x64.Build.0 = Release|Any CPU
		{35E7B7BC-279E-40BB-924E-75835BA9673D}.Release|x86.ActiveCfg = Release|Any CPU
		{35E7B7BC-279E-40BB-924E-75835BA9673D}.Release|x86.Build.0 = Release|Any CPU
	EndGlobalSection
	GlobalSection(NestedProjects) = preSolution
		{8743ADDD-BF29-409D-93AB-9CAAAFC965CC} = {ED70093E-0A1A-4C61-B434-9BD24ED72EB2}
		{35E7B7BC-279E-40BB-924E-75835BA9673D} = {75FB4B0A-D721-4F04-ABC6-659300480435}
	EndGlobalSection
EndGlobal
